// !$*UTF8*$!
{
	archiveVersion = 1;
	classes = {
	};
	objectVersion = 46;
	objects = {

/* Begin PBXBuildFile section */
		03FB8247198A043B00D3E398 /* main.m in Sources */ = {isa = PBXBuildFile; fileRef = 03FB8246198A043B00D3E398 /* main.m */; };
		03FB824A198A043B00D3E398 /* AppDelegate.m in Sources */ = {isa = PBXBuildFile; fileRef = 03FB8249198A043B00D3E398 /* AppDelegate.m */; };
		03FB824D198A043B00D3E398 /* ViewController.m in Sources */ = {isa = PBXBuildFile; fileRef = 03FB824C198A043B00D3E398 /* ViewController.m */; };
		03FB8250198A043B00D3E398 /* Main.storyboard in Resources */ = {isa = PBXBuildFile; fileRef = 03FB824E198A043B00D3E398 /* Main.storyboard */; };
		03FB8252198A043B00D3E398 /* Images.xcassets in Resources */ = {isa = PBXBuildFile; fileRef = 03FB8251198A043B00D3E398 /* Images.xcassets */; };
		03FB825E198A043B00D3E398 /* StepsTests.m in Sources */ = {isa = PBXBuildFile; fileRef = 03FB825D198A043B00D3E398 /* StepsTests.m */; };
/* End PBXBuildFile section */

/* Begin PBXContainerItemProxy section */
		03FB8258198A043B00D3E398 /* PBXContainerItemProxy */ = {
			isa = PBXContainerItemProxy;
			containerPortal = 03FB8239198A043B00D3E398 /* Project object */;
			proxyType = 1;
			remoteGlobalIDString = 03FB8240198A043B00D3E398;
			remoteInfo = Steps;
		};
/* End PBXContainerItemProxy section */

/* Begin PBXFileReference section */
		03FB8241198A043B00D3E398 /* Steps.app */ = {isa = PBXFileReference; explicitFileType = wrapper.application; includeInIndex = 0; path = Steps.app; sourceTree = BUILT_PRODUCTS_DIR; };
		03FB8245198A043B00D3E398 /* Info.plist */ = {isa = PBXFileReference; lastKnownFileType = text.plist.xml; path = Info.plist; sourceTree = "<group>"; };
		03FB8246198A043B00D3E398 /* main.m */ = {isa = PBXFileReference; lastKnownFileType = sourcecode.c.objc; path = main.m; sourceTree = "<group>"; };
		03FB8248198A043B00D3E398 /* AppDelegate.h */ = {isa = PBXFileReference; lastKnownFileType = sourcecode.c.h; path = AppDelegate.h; sourceTree = "<group>"; };
		03FB8249198A043B00D3E398 /* AppDelegate.m */ = {isa = PBXFileReference; lastKnownFileType = sourcecode.c.objc; path = AppDelegate.m; sourceTree = "<group>"; };
		03FB824B198A043B00D3E398 /* ViewController.h */ = {isa = PBXFileReference; lastKnownFileType = sourcecode.c.h; path = ViewController.h; sourceTree = "<group>"; };
		03FB824C198A043B00D3E398 /* ViewController.m */ = {isa = PBXFileReference; lastKnownFileType = sourcecode.c.objc; path = ViewController.m; sourceTree = "<group>"; };
		03FB824F198A043B00D3E398 /* Base */ = {isa = PBXFileReference; lastKnownFileType = file.storyboard; name = Base; path = Base.lproj/Main.storyboard; sourceTree = "<group>"; };
		03FB8251198A043B00D3E398 /* Images.xcassets */ = {isa = PBXFileReference; lastKnownFileType = folder.assetcatalog; path = Images.xcassets; sourceTree = "<group>"; };
		03FB8257198A043B00D3E398 /* StepsTests.xctest */ = {isa = PBXFileReference; explicitFileType = wrapper.cfbundle; includeInIndex = 0; path = StepsTests.xctest; sourceTree = BUILT_PRODUCTS_DIR; };
		03FB825C198A043B00D3E398 /* Info.plist */ = {isa = PBXFileReference; lastKnownFileType = text.plist.xml; path = Info.plist; sourceTree = "<group>"; };
		03FB825D198A043B00D3E398 /* StepsTests.m */ = {isa = PBXFileReference; lastKnownFileType = sourcecode.c.objc; path = StepsTests.m; sourceTree = "<group>"; };
/* End PBXFileReference section */

/* Begin PBXFrameworksBuildPhase section */
		03FB823E198A043B00D3E398 /* Frameworks */ = {
			isa = PBXFrameworksBuildPhase;
			buildActionMask = 2147483647;
			files = (
			);
			runOnlyForDeploymentPostprocessing = 0;
		};
		03FB8254198A043B00D3E398 /* Frameworks */ = {
			isa = PBXFrameworksBuildPhase;
			buildActionMask = 2147483647;
			files = (
			);
			runOnlyForDeploymentPostprocessing = 0;
		};
/* End PBXFrameworksBuildPhase section */

/* Begin PBXGroup section */
		03FB8238198A043B00D3E398 = {
			isa = PBXGroup;
			children = (
				03FB8243198A043B00D3E398 /* Steps */,
				03FB825A198A043B00D3E398 /* StepsTests */,
				03FB8242198A043B00D3E398 /* Products */,
			);
			sourceTree = "<group>";
		};
		03FB8242198A043B00D3E398 /* Products */ = {
			isa = PBXGroup;
			children = (
				03FB8241198A043B00D3E398 /* Steps.app */,
				03FB8257198A043B00D3E398 /* StepsTests.xctest */,
			);
			name = Products;
			sourceTree = "<group>";
		};
		03FB8243198A043B00D3E398 /* Steps */ = {
			isa = PBXGroup;
			children = (
				03FB8248198A043B00D3E398 /* AppDelegate.h */,
				03FB8249198A043B00D3E398 /* AppDelegate.m */,
				03FB824B198A043B00D3E398 /* ViewController.h */,
				03FB824C198A043B00D3E398 /* ViewController.m */,
				03FB824E198A043B00D3E398 /* Main.storyboard */,
				03FB8251198A043B00D3E398 /* Images.xcassets */,
				03FB8244198A043B00D3E398 /* Supporting Files */,
			);
			path = Steps;
			sourceTree = "<group>";
		};
		03FB8244198A043B00D3E398 /* Supporting Files */ = {
			isa = PBXGroup;
			children = (
				03FB8245198A043B00D3E398 /* Info.plist */,
				03FB8246198A043B00D3E398 /* main.m */,
			);
			name = "Supporting Files";
			sourceTree = "<group>";
		};
		03FB825A198A043B00D3E398 /* StepsTests */ = {
			isa = PBXGroup;
			children = (
				03FB825D198A043B00D3E398 /* StepsTests.m */,
				03FB825B198A043B00D3E398 /* Supporting Files */,
			);
			path = StepsTests;
			sourceTree = "<group>";
		};
		03FB825B198A043B00D3E398 /* Supporting Files */ = {
			isa = PBXGroup;
			children = (
				03FB825C198A043B00D3E398 /* Info.plist */,
			);
			name = "Supporting Files";
			sourceTree = "<group>";
		};
/* End PBXGroup section */

/* Begin PBXNativeTarget section */
		03FB8240198A043B00D3E398 /* Steps */ = {
			isa = PBXNativeTarget;
			buildConfigurationList = 03FB8261198A043B00D3E398 /* Build configuration list for PBXNativeTarget "Steps" */;
			buildPhases = (
				03FB823D198A043B00D3E398 /* Sources */,
				03FB823E198A043B00D3E398 /* Frameworks */,
				03FB823F198A043B00D3E398 /* Resources */,
			);
			buildRules = (
			);
			dependencies = (
			);
			name = Steps;
			productName = Steps;
			productReference = 03FB8241198A043B00D3E398 /* Steps.app */;
			productType = "com.apple.product-type.application";
		};
		03FB8256198A043B00D3E398 /* StepsTests */ = {
			isa = PBXNativeTarget;
			buildConfigurationList = 03FB8264198A043B00D3E398 /* Build configuration list for PBXNativeTarget "StepsTests" */;
			buildPhases = (
				03FB8253198A043B00D3E398 /* Sources */,
				03FB8254198A043B00D3E398 /* Frameworks */,
				03FB8255198A043B00D3E398 /* Resources */,
			);
			buildRules = (
			);
			dependencies = (
				03FB8259198A043B00D3E398 /* PBXTargetDependency */,
			);
			name = StepsTests;
			productName = StepsTests;
			productReference = 03FB8257198A043B00D3E398 /* StepsTests.xctest */;
			productType = "com.apple.product-type.bundle.unit-test";
		};
/* End PBXNativeTarget section */

/* Begin PBXProject section */
		03FB8239198A043B00D3E398 /* Project object */ = {
			isa = PBXProject;
			attributes = {
				LastUpgradeCheck = 0600;
				ORGANIZATIONNAME = "Sachin Patel";
				TargetAttributes = {
					03FB8240198A043B00D3E398 = {
						CreatedOnToolsVersion = 6.0;
					};
					03FB8256198A043B00D3E398 = {
						CreatedOnToolsVersion = 6.0;
						TestTargetID = 03FB8240198A043B00D3E398;
					};
				};
			};
			buildConfigurationList = 03FB823C198A043B00D3E398 /* Build configuration list for PBXProject "Steps" */;
			compatibilityVersion = "Xcode 3.2";
			developmentRegion = English;
			hasScannedForEncodings = 0;
			knownRegions = (
				en,
				Base,
			);
			mainGroup = 03FB8238198A043B00D3E398;
			productRefGroup = 03FB8242198A043B00D3E398 /* Products */;
			projectDirPath = "";
			projectRoot = "";
			targets = (
				03FB8240198A043B00D3E398 /* Steps */,
				03FB8256198A043B00D3E398 /* StepsTests */,
			);
		};
/* End PBXProject section */

/* Begin PBXResourcesBuildPhase section */
		03FB823F198A043B00D3E398 /* Resources */ = {
			isa = PBXResourcesBuildPhase;
			buildActionMask = 2147483647;
			files = (
				03FB8250198A043B00D3E398 /* Main.storyboard in Resources */,
				03FB8252198A043B00D3E398 /* Images.xcassets in Resources */,
			);
			runOnlyForDeploymentPostprocessing = 0;
		};
		03FB8255198A043B00D3E398 /* Resources */ = {
			isa = PBXResourcesBuildPhase;
			buildActionMask = 2147483647;
			files = (
			);
			runOnlyForDeploymentPostprocessing = 0;
		};
/* End PBXResourcesBuildPhase section */

/* Begin PBXSourcesBuildPhase section */
		03FB823D198A043B00D3E398 /* Sources */ = {
			isa = PBXSourcesBuildPhase;
			buildActionMask = 2147483647;
			files = (
				03FB824D198A043B00D3E398 /* ViewController.m in Sources */,
				03FB824A198A043B00D3E398 /* AppDelegate.m in Sources */,
				03FB8247198A043B00D3E398 /* main.m in Sources */,
			);
			runOnlyForDeploymentPostprocessing = 0;
		};
		03FB8253198A043B00D3E398 /* Sources */ = {
			isa = PBXSourcesBuildPhase;
			buildActionMask = 2147483647;
			files = (
				03FB825E198A043B00D3E398 /* StepsTests.m in Sources */,
			);
			runOnlyForDeploymentPostprocessing = 0;
		};
/* End PBXSourcesBuildPhase section */

/* Begin PBXTargetDependency section */
		03FB8259198A043B00D3E398 /* PBXTargetDependency */ = {
			isa = PBXTargetDependency;
			target = 03FB8240198A043B00D3E398 /* Steps */;
			targetProxy = 03FB8258198A043B00D3E398 /* PBXContainerItemProxy */;
		};
/* End PBXTargetDependency section */

/* Begin PBXVariantGroup section */
		03FB824E198A043B00D3E398 /* Main.storyboard */ = {
			isa = PBXVariantGroup;
			children = (
				03FB824F198A043B00D3E398 /* Base */,
			);
			name = Main.storyboard;
			sourceTree = "<group>";
		};
/* End PBXVariantGroup section */

/* Begin XCBuildConfiguration section */
		03FB825F198A043B00D3E398 /* Debug */ = {
			isa = XCBuildConfiguration;
			buildSettings = {
				ALWAYS_SEARCH_USER_PATHS = NO;
				CLANG_CXX_LANGUAGE_STANDARD = "gnu++0x";
				CLANG_CXX_LIBRARY = "libc++";
				CLANG_ENABLE_MODULES = YES;
				CLANG_ENABLE_OBJC_ARC = YES;
				CLANG_WARN_BOOL_CONVERSION = YES;
				CLANG_WARN_CONSTANT_CONVERSION = YES;
				CLANG_WARN_DIRECT_OBJC_ISA_USAGE = YES_ERROR;
				CLANG_WARN_EMPTY_BODY = YES;
				CLANG_WARN_ENUM_CONVERSION = YES;
				CLANG_WARN_INT_CONVERSION = YES;
				CLANG_WARN_OBJC_ROOT_CLASS = YES_ERROR;
				CLANG_WARN_UNREACHABLE_CODE = YES;
				CLANG_WARN__DUPLICATE_METHOD_MATCH = YES;
				"CODE_SIGN_IDENTITY[sdk=iphoneos*]" = "iPhone Developer";
				COPY_PHASE_STRIP = NO;
				ENABLE_STRICT_OBJC_MSGSEND = YES;
				GCC_C_LANGUAGE_STANDARD = gnu99;
				GCC_DYNAMIC_NO_PIC = NO;
				GCC_OPTIMIZATION_LEVEL = 0;
				GCC_PREPROCESSOR_DEFINITIONS = (
					"DEBUG=1",
					"$(inherited)",
				);
				GCC_SYMBOLS_PRIVATE_EXTERN = NO;
				GCC_WARN_64_TO_32_BIT_CONVERSION = YES;
				GCC_WARN_ABOUT_RETURN_TYPE = YES_ERROR;
				GCC_WARN_UNDECLARED_SELECTOR = YES;
				GCC_WARN_UNINITIALIZED_AUTOS = YES_AGGRESSIVE;
				GCC_WARN_UNUSED_FUNCTION = YES;
				GCC_WARN_UNUSED_VARIABLE = YES;
				IPHONEOS_DEPLOYMENT_TARGET = 8.0;
				MTL_ENABLE_DEBUG_INFO = YES;
				ONLY_ACTIVE_ARCH = YES;
				SDKROOT = iphoneos;
			};
			name = Debug;
		};
		03FB8260198A043B00D3E398 /* Release */ = {
			isa = XCBuildConfiguration;
			buildSettings = {
				ALWAYS_SEARCH_USER_PATHS = NO;
				CLANG_CXX_LANGUAGE_STANDARD = "gnu++0x";
				CLANG_CXX_LIBRARY = "libc++";
				CLANG_ENABLE_MODULES = YES;
				CLANG_ENABLE_OBJC_ARC = YES;
				CLANG_WARN_BOOL_CONVERSION = YES;
				CLANG_WARN_CONSTANT_CONVERSION = YES;
				CLANG_WARN_DIRECT_OBJC_ISA_USAGE = YES_ERROR;
				CLANG_WARN_EMPTY_BODY = YES;
				CLANG_WARN_ENUM_CONVERSION = YES;
				CLANG_WARN_INT_CONVERSION = YES;
				CLANG_WARN_OBJC_ROOT_CLASS = YES_ERROR;
				CLANG_WARN_UNREACHABLE_CODE = YES;
				CLANG_WARN__DUPLICATE_METHOD_MATCH = YES;
				"CODE_SIGN_IDENTITY[sdk=iphoneos*]" = "iPhone Developer";
				COPY_PHASE_STRIP = YES;
				ENABLE_NS_ASSERTIONS = NO;
				ENABLE_STRICT_OBJC_MSGSEND = YES;
				GCC_C_LANGUAGE_STANDARD = gnu99;
				GCC_WARN_64_TO_32_BIT_CONVERSION = YES;
				GCC_WARN_ABOUT_RETURN_TYPE = YES_ERROR;
				GCC_WARN_UNDECLARED_SELECTOR = YES;
				GCC_WARN_UNINITIALIZED_AUTOS = YES_AGGRESSIVE;
				GCC_WARN_UNUSED_FUNCTION = YES;
				GCC_WARN_UNUSED_VARIABLE = YES;
				IPHONEOS_DEPLOYMENT_TARGET = 8.0;
				MTL_ENABLE_DEBUG_INFO = NO;
				SDKROOT = iphoneos;
				VALIDATE_PRODUCT = YES;
			};
			name = Release;
		};
		03FB8262198A043B00D3E398 /* Debug */ = {
			isa = XCBuildConfiguration;
			buildSettings = {
				ASSETCATALOG_COMPILER_APPICON_NAME = AppIcon;
				ASSETCATALOG_COMPILER_LAUNCHIMAGE_NAME = LaunchImage;
				INFOPLIST_FILE = Steps/Info.plist;
				LD_RUNPATH_SEARCH_PATHS = "$(inherited) @executable_path/Frameworks";
				PRODUCT_NAME = "$(TARGET_NAME)";
			};
			name = Debug;
		};
		03FB8263198A043B00D3E398 /* Release */ = {
			isa = XCBuildConfiguration;
			buildSettings = {
				ASSETCATALOG_COMPILER_APPICON_NAME = AppIcon;
				ASSETCATALOG_COMPILER_LAUNCHIMAGE_NAME = LaunchImage;
				INFOPLIST_FILE = Steps/Info.plist;
				LD_RUNPATH_SEARCH_PATHS = "$(inherited) @executable_path/Frameworks";
				PRODUCT_NAME = "$(TARGET_NAME)";
			};
			name = Release;
		};
		03FB8265198A043B00D3E398 /* Debug */ = {
			isa = XCBuildConfiguration;
			buildSettings = {
				BUNDLE_LOADER = "$(BUILT_PRODUCTS_DIR)/Steps.app/Steps";
				FRAMEWORK_SEARCH_PATHS = (
					"$(SDKROOT)/Developer/Library/Frameworks",
					"$(inherited)",
				);
				GCC_PREPROCESSOR_DEFINITIONS = (
					"DEBUG=1",
					"$(inherited)",
				);
				INFOPLIST_FILE = StepsTests/Info.plist;
				LD_RUNPATH_SEARCH_PATHS = "$(inherited) @executable_path/Frameworks @loader_path/Frameworks";
				PRODUCT_NAME = "$(TARGET_NAME)";
				TEST_HOST = "$(BUNDLE_LOADER)";
			};
			name = Debug;
		};
		03FB8266198A043B00D3E398 /* Release */ = {
			isa = XCBuildConfiguration;
			buildSettings = {
				BUNDLE_LOADER = "$(BUILT_PRODUCTS_DIR)/Steps.app/Steps";
				FRAMEWORK_SEARCH_PATHS = (
					"$(SDKROOT)/Developer/Library/Frameworks",
					"$(inherited)",
				);
				INFOPLIST_FILE = StepsTests/Info.plist;
				LD_RUNPATH_SEARCH_PATHS = "$(inherited) @executable_path/Frameworks @loader_path/Frameworks";
				PRODUCT_NAME = "$(TARGET_NAME)";
				TEST_HOST = "$(BUNDLE_LOADER)";
			};
			name = Release;
		};
/* End XCBuildConfiguration section */

/* Begin XCConfigurationList section */
		03FB823C198A043B00D3E398 /* Build configuration list for PBXProject "Steps" */ = {
			isa = XCConfigurationList;
			buildConfigurations = (
				03FB825F198A043B00D3E398 /* Debug */,
				03FB8260198A043B00D3E398 /* Release */,
			);
			defaultConfigurationIsVisible = 0;
			defaultConfigurationName = Release;
		};
		03FB8261198A043B00D3E398 /* Build configuration list for PBXNativeTarget "Steps" */ = {
			isa = XCConfigurationList;
			buildConfigurations = (
				03FB8262198A043B00D3E398 /* Debug */,
				03FB8263198A043B00D3E398 /* Release */,
			);
			defaultConfigurationIsVisible = 0;
		};
		03FB8264198A043B00D3E398 /* Build configuration list for PBXNativeTarget "StepsTests" */ = {
			isa = XCConfigurationList;
			buildConfigurations = (
				03FB8265198A043B00D3E398 /* Debug */,
				03FB8266198A043B00D3E398 /* Release */,
			);
			defaultConfigurationIsVisible = 0;
		};
/* End XCConfigurationList section */
	};
	rootObject = 03FB8239198A043B00D3E398 /* Project object */;
}
